// !$*UTF8*$!
{
	archiveVersion = 1;
	classes = {
	};
	objectVersion = 50;
	objects = {

/* Begin PBXGroup section */
		1F37F7D42138C2A100321E25 = {
			isa = PBXGroup;
			children = (
			);
			sourceTree = "<group>";
		};
/* End PBXGroup section */

/* Begin PBXProject section */
		1F37F7D52138C2A100321E25 /* Project object */ = {
			isa = PBXProject;
			attributes = {
				LastUpgradeCheck = 0940;
				ORGANIZATIONNAME = "PureDarwin Project";
			};
			buildConfigurationList = 1F37F7D82138C2A100321E25 /* Build configuration list for PBXProject "Libtrace" */;
			compatibilityVersion = "Xcode 9.3";
			developmentRegion = en;
			hasScannedForEncodings = 0;
			knownRegions = (
				en,
			);
			mainGroup = 1F37F7D42138C2A100321E25;
			projectDirPath = "";
			projectRoot = "";
			targets = (
			);
		};
/* End PBXProject section */

/* Begin XCBuildConfiguration section */
		1F37F7D92138C2A100321E25 /* Debug */ = {
			isa = XCBuildConfiguration;
			buildSettings = {
			};
			name = Debug;
		};
		1F37F7DA2138C2A100321E25 /* Release */ = {
			isa = XCBuildConfiguration;
			buildSettings = {
			};
			name = Release;
		};
/* End XCBuildConfiguration section */

/* Begin XCConfigurationList section */
		1F37F7D82138C2A100321E25 /* Build configuration list for PBXProject "Libtrace" */ = {
			isa = XCConfigurationList;
			buildConfigurations = (
				1F37F7D92138C2A100321E25 /* Debug */,
				1F37F7DA2138C2A100321E25 /* Release */,
			);
			defaultConfigurationIsVisible = 0;
			defaultConfigurationName = Release;
		};
/* End XCConfigurationList section */
	};
	rootObject = 1F37F7D52138C2A100321E25 /* Project object */;
}
